
Microsoft Visual Studio Solution File, Format Version 12.00
# Visual Studio Version 17
VisualStudioVersion = 17.11.35303.130
MinimumVisualStudioVersion = 10.0.40219.1
Project("{9A19103F-16F7-4668-BE54-9A1E7A4F7556}") = "FMS", "FMS\FMS.csproj", "{ACAD2902-324B-4ADA-843A-1CF33D16B972}"
EndProject
Project("{FAE04EC0-301F-11D3-BF4B-00C04F79EFBC}") = "FMS.Tests", "FMS.Tests\FMS.Tests.csproj", "{AB325669-2A0C-4ADA-A801-01755294DD2C}"
EndProject
Global
	GlobalSection(SolutionConfigurationPlatforms) = preSolution
		Debug|Any CPU = Debug|Any CPU
		Release|Any CPU = Release|Any CPU
	EndGlobalSection
	GlobalSection(ProjectConfigurationPlatforms) = postSolution
		{ACAD2902-324B-4ADA-843A-1CF33D16B972}.Debug|Any CPU.ActiveCfg = Debug|Any CPU
		{ACAD2902-324B-4ADA-843A-1CF33D16B972}.Debug|Any CPU.Build.0 = Debug|Any CPU
		{ACAD2902-324B-4ADA-843A-1CF33D16B972}.Release|Any CPU.ActiveCfg = Release|Any CPU
		{ACAD2902-324B-4ADA-843A-1CF33D16B972}.Release|Any CPU.Build.0 = Release|Any CPU
		{AB325669-2A0C-4ADA-A801-01755294DD2C}.Debug|Any CPU.ActiveCfg = Debug|Any CPU
		{AB325669-2A0C-4ADA-A801-01755294DD2C}.Debug|Any CPU.Build.0 = Debug|Any CPU
		{AB325669-2A0C-4ADA-A801-01755294DD2C}.Release|Any CPU.ActiveCfg = Release|Any CPU
		{AB325669-2A0C-4ADA-A801-01755294DD2C}.Release|Any CPU.Build.0 = Release|Any CPU
	EndGlobalSection
	GlobalSection(SolutionProperties) = preSolution
		HideSolutionNode = FALSE
	EndGlobalSection
	GlobalSection(ExtensibilityGlobals) = postSolution
		SolutionGuid = {74F6357A-C1B0-49FC-939E-2CB7732898C6}
	EndGlobalSection
EndGlobal
